
Microsoft Visual Studio Solution File, Format Version 12.00
# Visual Studio Version 17
VisualStudioVersion = 17.9.34728.123
MinimumVisualStudioVersion = 10.0.40219.1
Project("{FAE04EC0-301F-11D3-BF4B-00C04F79EFBC}") = "GBoy", "GBoy\GBoy.csproj", "{54F54E0B-33E8-4DCD-910B-2188FC2A66F7}"
EndProject
Project("{9A19103F-16F7-4668-BE54-9A1E7A4F7556}") = "rlImGui", "rlImGui\rlImGui.csproj", "{073D19A8-B3D2-4D20-A977-DDEA687E9868}"
EndProject
Global
	GlobalSection(SolutionConfigurationPlatforms) = preSolution
		Debug|Any CPU = Debug|Any CPU
		Debug|ARM64 = Debug|ARM64
		Debug|x64 = Debug|x64
		DeckDebug|Any CPU = DeckDebug|Any CPU
		DeckDebug|ARM64 = DeckDebug|ARM64
		DeckDebug|x64 = DeckDebug|x64
		DeckRelease|Any CPU = DeckRelease|Any CPU
		DeckRelease|ARM64 = DeckRelease|ARM64
		DeckRelease|x64 = DeckRelease|x64
		Release|Any CPU = Release|Any CPU
		Release|ARM64 = Release|ARM64
		Release|x64 = Release|x64
	EndGlobalSection
	GlobalSection(ProjectConfigurationPlatforms) = postSolution
		{54F54E0B-33E8-4DCD-910B-2188FC2A66F7}.Debug|Any CPU.ActiveCfg = Debug|Any CPU
		{54F54E0B-33E8-4DCD-910B-2188FC2A66F7}.Debug|Any CPU.Build.0 = Debug|Any CPU
		{54F54E0B-33E8-4DCD-910B-2188FC2A66F7}.Debug|ARM64.ActiveCfg = Debug|Any CPU
		{54F54E0B-33E8-4DCD-910B-2188FC2A66F7}.Debug|ARM64.Build.0 = Debug|Any CPU
		{54F54E0B-33E8-4DCD-910B-2188FC2A66F7}.Debug|x64.ActiveCfg = Debug|Any CPU
		{54F54E0B-33E8-4DCD-910B-2188FC2A66F7}.Debug|x64.Build.0 = Debug|Any CPU
		{54F54E0B-33E8-4DCD-910B-2188FC2A66F7}.DeckDebug|Any CPU.ActiveCfg = DeckDebug|Any CPU
		{54F54E0B-33E8-4DCD-910B-2188FC2A66F7}.DeckDebug|Any CPU.Build.0 = DeckDebug|Any CPU
		{54F54E0B-33E8-4DCD-910B-2188FC2A66F7}.DeckDebug|ARM64.ActiveCfg = DeckDebug|Any CPU
		{54F54E0B-33E8-4DCD-910B-2188FC2A66F7}.DeckDebug|ARM64.Build.0 = DeckDebug|Any CPU
		{54F54E0B-33E8-4DCD-910B-2188FC2A66F7}.DeckDebug|x64.ActiveCfg = DeckDebug|Any CPU
		{54F54E0B-33E8-4DCD-910B-2188FC2A66F7}.DeckDebug|x64.Build.0 = DeckDebug|Any CPU
		{54F54E0B-33E8-4DCD-910B-2188FC2A66F7}.DeckRelease|Any CPU.ActiveCfg = DeckRelease|Any CPU
		{54F54E0B-33E8-4DCD-910B-2188FC2A66F7}.DeckRelease|Any CPU.Build.0 = DeckRelease|Any CPU
		{54F54E0B-33E8-4DCD-910B-2188FC2A66F7}.DeckRelease|ARM64.ActiveCfg = DeckRelease|Any CPU
		{54F54E0B-33E8-4DCD-910B-2188FC2A66F7}.DeckRelease|ARM64.Build.0 = DeckRelease|Any CPU
		{54F54E0B-33E8-4DCD-910B-2188FC2A66F7}.DeckRelease|x64.ActiveCfg = DeckRelease|Any CPU
		{54F54E0B-33E8-4DCD-910B-2188FC2A66F7}.DeckRelease|x64.Build.0 = DeckRelease|Any CPU
		{54F54E0B-33E8-4DCD-910B-2188FC2A66F7}.Release|Any CPU.ActiveCfg = Release|Any CPU
		{54F54E0B-33E8-4DCD-910B-2188FC2A66F7}.Release|Any CPU.Build.0 = Release|Any CPU
		{54F54E0B-33E8-4DCD-910B-2188FC2A66F7}.Release|ARM64.ActiveCfg = Release|Any CPU
		{54F54E0B-33E8-4DCD-910B-2188FC2A66F7}.Release|ARM64.Build.0 = Release|Any CPU
		{54F54E0B-33E8-4DCD-910B-2188FC2A66F7}.Release|x64.ActiveCfg = Release|Any CPU
		{54F54E0B-33E8-4DCD-910B-2188FC2A66F7}.Release|x64.Build.0 = Release|Any CPU
		{073D19A8-B3D2-4D20-A977-DDEA687E9868}.Debug|Any CPU.ActiveCfg = Debug|Any CPU
		{073D19A8-B3D2-4D20-A977-DDEA687E9868}.Debug|Any CPU.Build.0 = Debug|Any CPU
		{073D19A8-B3D2-4D20-A977-DDEA687E9868}.Debug|ARM64.ActiveCfg = Debug|ARM64
		{073D19A8-B3D2-4D20-A977-DDEA687E9868}.Debug|ARM64.Build.0 = Debug|ARM64
		{073D19A8-B3D2-4D20-A977-DDEA687E9868}.Debug|x64.ActiveCfg = Debug|x64
		{073D19A8-B3D2-4D20-A977-DDEA687E9868}.Debug|x64.Build.0 = Debug|x64
		{073D19A8-B3D2-4D20-A977-DDEA687E9868}.DeckDebug|Any CPU.ActiveCfg = DeckDebug|Any CPU
		{073D19A8-B3D2-4D20-A977-DDEA687E9868}.DeckDebug|Any CPU.Build.0 = DeckDebug|Any CPU
		{073D19A8-B3D2-4D20-A977-DDEA687E9868}.DeckDebug|ARM64.ActiveCfg = DeckDebug|ARM64
		{073D19A8-B3D2-4D20-A977-DDEA687E9868}.DeckDebug|ARM64.Build.0 = DeckDebug|ARM64
		{073D19A8-B3D2-4D20-A977-DDEA687E9868}.DeckDebug|x64.ActiveCfg = DeckDebug|x64
		{073D19A8-B3D2-4D20-A977-DDEA687E9868}.DeckDebug|x64.Build.0 = DeckDebug|x64
		{073D19A8-B3D2-4D20-A977-DDEA687E9868}.DeckRelease|Any CPU.ActiveCfg = DeckRelease|Any CPU
		{073D19A8-B3D2-4D20-A977-DDEA687E9868}.DeckRelease|Any CPU.Build.0 = DeckRelease|Any CPU
		{073D19A8-B3D2-4D20-A977-DDEA687E9868}.DeckRelease|ARM64.ActiveCfg = DeckRelease|ARM64
		{073D19A8-B3D2-4D20-A977-DDEA687E9868}.DeckRelease|ARM64.Build.0 = DeckRelease|ARM64
		{073D19A8-B3D2-4D20-A977-DDEA687E9868}.DeckRelease|x64.ActiveCfg = DeckRelease|x64
		{073D19A8-B3D2-4D20-A977-DDEA687E9868}.DeckRelease|x64.Build.0 = DeckRelease|x64
		{073D19A8-B3D2-4D20-A977-DDEA687E9868}.Release|Any CPU.ActiveCfg = Release|Any CPU
		{073D19A8-B3D2-4D20-A977-DDEA687E9868}.Release|Any CPU.Build.0 = Release|Any CPU
		{073D19A8-B3D2-4D20-A977-DDEA687E9868}.Release|ARM64.ActiveCfg = Release|ARM64
		{073D19A8-B3D2-4D20-A977-DDEA687E9868}.Release|ARM64.Build.0 = Release|ARM64
		{073D19A8-B3D2-4D20-A977-DDEA687E9868}.Release|x64.ActiveCfg = Release|x64
		{073D19A8-B3D2-4D20-A977-DDEA687E9868}.Release|x64.Build.0 = Release|x64
	EndGlobalSection
	GlobalSection(SolutionProperties) = preSolution
		HideSolutionNode = FALSE
	EndGlobalSection
	GlobalSection(ExtensibilityGlobals) = postSolution
		SolutionGuid = {CB7AFD82-FAD4-4D85-AD0E-3298A56DF815}
	EndGlobalSection
EndGlobal
